{
  "requires": true,
  "lockfileVersion": 1,
  "dependencies": {
    "webextension-polyfill": {
      "version": "0.3.0",
      "resolved": "https://registry.npmjs.org/webextension-polyfill/-/webextension-polyfill-0.3.0.tgz",
      "integrity": "sha512-SKwaW0Q3Ke/MZnYFw5J+zb4vNcDXFfP6TJxMIqFqEm+oMr3V+B1Hk6vq37rsJaglYIXkeDn5Y46M+x+ARbA+8g=="
    }
  }
}
